Microsoft Visual Studio Solution File, Format Version 12.00
# Visual Studio Version 17
VisualStudioVersion = 17.5.2.0
MinimumVisualStudioVersion = 10.0.40219.1
Project("{FAE04EC0-301F-11D3-BF4B-00C04F79EFBC}") = "Bili-VoxLive", "Bili-VoxLive.csproj", "{9E773EEE-830B-7930-1925-7CE7E315D772}"
EndProject
Global
	GlobalSection(SolutionConfigurationPlatforms) = preSolution
		Debug|Any CPU = Debug|Any CPU
		Release|Any CPU = Release|Any CPU
	EndGlobalSection
	GlobalSection(ProjectConfigurationPlatforms) = postSolution
		{9E773EEE-830B-7930-1925-7CE7E315D772}.Debug|Any CPU.ActiveCfg = Debug|Any CPU
		{9E773EEE-830B-7930-1925-7CE7E315D772}.Debug|Any CPU.Build.0 = Debug|Any CPU
		{9E773EEE-830B-7930-1925-7CE7E315D772}.Release|Any CPU.ActiveCfg = Release|Any CPU
		{9E773EEE-830B-7930-1925-7CE7E315D772}.Release|Any CPU.Build.0 = Release|Any CPU
	EndGlobalSection
	GlobalSection(SolutionProperties) = preSolution
		HideSolutionNode = FALSE
	EndGlobalSection
	GlobalSection(ExtensibilityGlobals) = postSolution
		SolutionGuid = {A28F10E4-BB79-4410-ABB3-D3EFD3C52E64}
	EndGlobalSection
EndGlobal
